
Microsoft Visual Studio Solution File, Format Version 12.00
# Visual Studio Version 17
VisualStudioVersion = 17.0.31903.59
MinimumVisualStudioVersion = 10.0.40219.1
Project("{9A19103F-16F7-4668-BE54-9A1E7A4F7556}") = "StandardInputOutput", "Sources\Week1\Demo\StandardInputOutput\StandardInputOutput.csproj", "{07877B46-6459-4C7A-BB1F-9387CB551D37}"
EndProject
Project("{9A19103F-16F7-4668-BE54-9A1E7A4F7556}") = "FileInputOutput", "Sources\Week1\Demo\FileInputOutput\FileInputOutput.csproj", "{A493370D-6385-43E0-8A67-A036BA7D8DDF}"
EndProject
Project("{2150E333-8FDC-42A3-9474-1A3956D46DE8}") = "W1-InputOutput", "W1-InputOutput", "{2D7C2C2B-C0CE-44C4-AE8F-3F5C36A403C7}"
EndProject
Project("{2150E333-8FDC-42A3-9474-1A3956D46DE8}") = "Demo", "Demo", "{FDFC3F19-16AD-4041-8ACA-D9104A5AF337}"
EndProject
Project("{2150E333-8FDC-42A3-9474-1A3956D46DE8}") = "Lab", "Lab", "{B61AB9DA-80D9-4A2F-99B8-5D782A5B4836}"
EndProject
Project("{9A19103F-16F7-4668-BE54-9A1E7A4F7556}") = "RecsInput", "Sources\Week1\Lab\RecsInput\RecsInput.csproj", "{6D7CBBAE-225E-4260-9719-67E1C4568756}"
EndProject
Project("{9A19103F-16F7-4668-BE54-9A1E7A4F7556}") = "RecObjectsDemo", "Sources\Week2\Demo\RecObjectsDemo\RecObjectsDemo.csproj", "{273B687E-0542-4C02-B262-B0A2C571485B}"
EndProject
Project("{2150E333-8FDC-42A3-9474-1A3956D46DE8}") = "W2-ClassObjects", "W2-ClassObjects", "{E0796DB8-FC9F-4B05-88B8-F89329D23BC1}"
EndProject
Project("{2150E333-8FDC-42A3-9474-1A3956D46DE8}") = "Demo", "Demo", "{3BAD15D6-C22F-4557-B7FA-45E8A6032028}"
EndProject
Project("{2150E333-8FDC-42A3-9474-1A3956D46DE8}") = "Lab", "Lab", "{4DEE3253-6921-4FB9-A21D-9F44787743A5}"
EndProject
Project("{9A19103F-16F7-4668-BE54-9A1E7A4F7556}") = "People_OOP", "Sources\Week2\Lab\People_OOP\People_OOP.csproj", "{11F29CDE-DD0D-4521-B392-61CFD5431CFD}"
EndProject
Project("{2150E333-8FDC-42A3-9474-1A3956D46DE8}") = "W3-ClassObjects(List)", "W3-ClassObjects(List)", "{75C33BA1-63D9-40CF-BE62-B7511E8C7257}"
EndProject
Project("{2150E333-8FDC-42A3-9474-1A3956D46DE8}") = "Demo", "Demo", "{1615390E-77D9-4FFA-8159-B0794B400892}"
EndProject
Project("{9A19103F-16F7-4668-BE54-9A1E7A4F7556}") = "RecObjectsDemo(List)", "Sources\Week3\Demo\RecObjectsDemo(List)\RecObjectsDemo(List).csproj", "{FBC9E393-6746-4B03-AD48-6858FB604D2F}"
EndProject
Project("{2150E333-8FDC-42A3-9474-1A3956D46DE8}") = "Lab", "Lab", "{A99D423F-C325-4BD6-BA7C-47E578D461D0}"
EndProject
Project("{9A19103F-16F7-4668-BE54-9A1E7A4F7556}") = "People_List", "Sources\Week3\Lab\People_List\People_List.csproj", "{BB06B10E-81B2-4208-982A-EC4825A951BE}"
EndProject
Global
	GlobalSection(SolutionConfigurationPlatforms) = preSolution
		Debug|Any CPU = Debug|Any CPU
		Release|Any CPU = Release|Any CPU
	EndGlobalSection
	GlobalSection(ProjectConfigurationPlatforms) = postSolution
		{07877B46-6459-4C7A-BB1F-9387CB551D37}.Debug|Any CPU.ActiveCfg = Debug|Any CPU
		{07877B46-6459-4C7A-BB1F-9387CB551D37}.Debug|Any CPU.Build.0 = Debug|Any CPU
		{07877B46-6459-4C7A-BB1F-9387CB551D37}.Release|Any CPU.ActiveCfg = Release|Any CPU
		{07877B46-6459-4C7A-BB1F-9387CB551D37}.Release|Any CPU.Build.0 = Release|Any CPU
		{A493370D-6385-43E0-8A67-A036BA7D8DDF}.Debug|Any CPU.ActiveCfg = Debug|Any CPU
		{A493370D-6385-43E0-8A67-A036BA7D8DDF}.Debug|Any CPU.Build.0 = Debug|Any CPU
		{A493370D-6385-43E0-8A67-A036BA7D8DDF}.Release|Any CPU.ActiveCfg = Release|Any CPU
		{A493370D-6385-43E0-8A67-A036BA7D8DDF}.Release|Any CPU.Build.0 = Release|Any CPU
		{6D7CBBAE-225E-4260-9719-67E1C4568756}.Debug|Any CPU.ActiveCfg = Debug|Any CPU
		{6D7CBBAE-225E-4260-9719-67E1C4568756}.Debug|Any CPU.Build.0 = Debug|Any CPU
		{6D7CBBAE-225E-4260-9719-67E1C4568756}.Release|Any CPU.ActiveCfg = Release|Any CPU
		{6D7CBBAE-225E-4260-9719-67E1C4568756}.Release|Any CPU.Build.0 = Release|Any CPU
		{273B687E-0542-4C02-B262-B0A2C571485B}.Debug|Any CPU.ActiveCfg = Debug|Any CPU
		{273B687E-0542-4C02-B262-B0A2C571485B}.Debug|Any CPU.Build.0 = Debug|Any CPU
		{273B687E-0542-4C02-B262-B0A2C571485B}.Release|Any CPU.ActiveCfg = Release|Any CPU
		{273B687E-0542-4C02-B262-B0A2C571485B}.Release|Any CPU.Build.0 = Release|Any CPU
		{11F29CDE-DD0D-4521-B392-61CFD5431CFD}.Debug|Any CPU.ActiveCfg = Debug|Any CPU
		{11F29CDE-DD0D-4521-B392-61CFD5431CFD}.Debug|Any CPU.Build.0 = Debug|Any CPU
		{11F29CDE-DD0D-4521-B392-61CFD5431CFD}.Release|Any CPU.ActiveCfg = Release|Any CPU
		{11F29CDE-DD0D-4521-B392-61CFD5431CFD}.Release|Any CPU.Build.0 = Release|Any CPU
		{FBC9E393-6746-4B03-AD48-6858FB604D2F}.Debug|Any CPU.ActiveCfg = Debug|Any CPU
		{FBC9E393-6746-4B03-AD48-6858FB604D2F}.Debug|Any CPU.Build.0 = Debug|Any CPU
		{FBC9E393-6746-4B03-AD48-6858FB604D2F}.Release|Any CPU.ActiveCfg = Release|Any CPU
		{FBC9E393-6746-4B03-AD48-6858FB604D2F}.Release|Any CPU.Build.0 = Release|Any CPU
		{BB06B10E-81B2-4208-982A-EC4825A951BE}.Debug|Any CPU.ActiveCfg = Debug|Any CPU
		{BB06B10E-81B2-4208-982A-EC4825A951BE}.Debug|Any CPU.Build.0 = Debug|Any CPU
		{BB06B10E-81B2-4208-982A-EC4825A951BE}.Release|Any CPU.ActiveCfg = Release|Any CPU
		{BB06B10E-81B2-4208-982A-EC4825A951BE}.Release|Any CPU.Build.0 = Release|Any CPU
	EndGlobalSection
	GlobalSection(SolutionProperties) = preSolution
		HideSolutionNode = FALSE
	EndGlobalSection
	GlobalSection(NestedProjects) = preSolution
		{07877B46-6459-4C7A-BB1F-9387CB551D37} = {FDFC3F19-16AD-4041-8ACA-D9104A5AF337}
		{A493370D-6385-43E0-8A67-A036BA7D8DDF} = {FDFC3F19-16AD-4041-8ACA-D9104A5AF337}
		{FDFC3F19-16AD-4041-8ACA-D9104A5AF337} = {2D7C2C2B-C0CE-44C4-AE8F-3F5C36A403C7}
		{B61AB9DA-80D9-4A2F-99B8-5D782A5B4836} = {2D7C2C2B-C0CE-44C4-AE8F-3F5C36A403C7}
		{6D7CBBAE-225E-4260-9719-67E1C4568756} = {B61AB9DA-80D9-4A2F-99B8-5D782A5B4836}
		{273B687E-0542-4C02-B262-B0A2C571485B} = {3BAD15D6-C22F-4557-B7FA-45E8A6032028}
		{3BAD15D6-C22F-4557-B7FA-45E8A6032028} = {E0796DB8-FC9F-4B05-88B8-F89329D23BC1}
		{4DEE3253-6921-4FB9-A21D-9F44787743A5} = {E0796DB8-FC9F-4B05-88B8-F89329D23BC1}
		{11F29CDE-DD0D-4521-B392-61CFD5431CFD} = {4DEE3253-6921-4FB9-A21D-9F44787743A5}
		{1615390E-77D9-4FFA-8159-B0794B400892} = {75C33BA1-63D9-40CF-BE62-B7511E8C7257}
		{FBC9E393-6746-4B03-AD48-6858FB604D2F} = {1615390E-77D9-4FFA-8159-B0794B400892}
		{A99D423F-C325-4BD6-BA7C-47E578D461D0} = {75C33BA1-63D9-40CF-BE62-B7511E8C7257}
		{BB06B10E-81B2-4208-982A-EC4825A951BE} = {A99D423F-C325-4BD6-BA7C-47E578D461D0}
	EndGlobalSection
	GlobalSection(ExtensibilityGlobals) = postSolution
		SolutionGuid = {0C241B7F-CFD2-44DF-957C-40EB1847F368}
	EndGlobalSection
EndGlobal
